// !$*UTF8*$!
{
	archiveVersion = 1;
	classes = {
	};
	objectVersion = 50;
	objects = {

/* Begin PBXBuildFile section */
		A16DD46726EEF81D005A3D89 /* AppDelegate.swift in Sources */ = {isa = PBXBuildFile; fileRef = A16DD46626EEF81D005A3D89 /* AppDelegate.swift */; };
		A16DD46926EEF81D005A3D89 /* SceneDelegate.swift in Sources */ = {isa = PBXBuildFile; fileRef = A16DD46826EEF81D005A3D89 /* SceneDelegate.swift */; };
		A16DD46B26EEF81D005A3D89 /* ContentView.swift in Sources */ = {isa = PBXBuildFile; fileRef = A16DD46A26EEF81D005A3D89 /* ContentView.swift */; };
		A16DD46D26EEF820005A3D89 /* Assets.xcassets in Resources */ = {isa = PBXBuildFile; fileRef = A16DD46C26EEF820005A3D89 /* Assets.xcassets */; };
		A16DD47026EEF820005A3D89 /* Preview Assets.xcassets in Resources */ = {isa = PBXBuildFile; fileRef = A16DD46F26EEF820005A3D89 /* Preview Assets.xcassets */; };
		A16DD47326EEF820005A3D89 /* LaunchScreen.storyboard in Resources */ = {isa = PBXBuildFile; fileRef = A16DD47126EEF820005A3D89 /* LaunchScreen.storyboard */; };
		A16DD47E26EEF820005A3D89 /* myswiftTests.swift in Sources */ = {isa = PBXBuildFile; fileRef = A16DD47D26EEF820005A3D89 /* myswiftTests.swift */; };
		A16DD48926EEF821005A3D89 /* myswiftUITests.swift in Sources */ = {isa = PBXBuildFile; fileRef = A16DD48826EEF821005A3D89 /* myswiftUITests.swift */; };
		A16DD4D926EEF9BD005A3D89 /* tsetViewController.swift in Sources */ = {isa = PBXBuildFile; fileRef = A16DD4D826EEF9BD005A3D89 /* tsetViewController.swift */; };
		A16DD4E026F0907B005A3D89 /* ocViewController.m in Sources */ = {isa = PBXBuildFile; fileRef = A16DD4DF26F0907B005A3D89 /* ocViewController.m */; };
		A16DD52426F0A55A005A3D89 /* myTableViewController.swift in Sources */ = {isa = PBXBuildFile; fileRef = A16DD52326F0A55A005A3D89 /* myTableViewController.swift */; };
/* End PBXBuildFile section */

/* Begin PBXContainerItemProxy section */
		A16DD47A26EEF820005A3D89 /* PBXContainerItemProxy */ = {
			isa = PBXContainerItemProxy;
			containerPortal = A16DD45B26EEF81D005A3D89 /* Project object */;
			proxyType = 1;
			remoteGlobalIDString = A16DD46226EEF81D005A3D89;
			remoteInfo = myswift;
		};
		A16DD48526EEF820005A3D89 /* PBXContainerItemProxy */ = {
			isa = PBXContainerItemProxy;
			containerPortal = A16DD45B26EEF81D005A3D89 /* Project object */;
			proxyType = 1;
			remoteGlobalIDString = A16DD46226EEF81D005A3D89;
			remoteInfo = myswift;
		};
/* End PBXContainerItemProxy section */

/* Begin PBXFileReference section */
		A16DD46326EEF81D005A3D89 /* myswift.app */ = {isa = PBXFileReference; explicitFileType = wrapper.application; includeInIndex = 0; path = myswift.app; sourceTree = BUILT_PRODUCTS_DIR; };
		A16DD46626EEF81D005A3D89 /* AppDelegate.swift */ = {isa = PBXFileReference; lastKnownFileType = sourcecode.swift; path = AppDelegate.swift; sourceTree = "<group>"; };
		A16DD46826EEF81D005A3D89 /* SceneDelegate.swift */ = {isa = PBXFileReference; lastKnownFileType = sourcecode.swift; path = SceneDelegate.swift; sourceTree = "<group>"; };
		A16DD46A26EEF81D005A3D89 /* ContentView.swift */ = {isa = PBXFileReference; lastKnownFileType = sourcecode.swift; path = ContentView.swift; sourceTree = "<group>"; };
		A16DD46C26EEF820005A3D89 /* Assets.xcassets */ = {isa = PBXFileReference; lastKnownFileType = folder.assetcatalog; path = Assets.xcassets; sourceTree = "<group>"; };
		A16DD46F26EEF820005A3D89 /* Preview Assets.xcassets */ = {isa = PBXFileReference; lastKnownFileType = folder.assetcatalog; path = "Preview Assets.xcassets"; sourceTree = "<group>"; };
		A16DD47226EEF820005A3D89 /* Base */ = {isa = PBXFileReference; lastKnownFileType = file.storyboard; name = Base; path = Base.lproj/LaunchScreen.storyboard; sourceTree = "<group>"; };
		A16DD47426EEF820005A3D89 /* Info.plist */ = {isa = PBXFileReference; lastKnownFileType = text.plist.xml; path = Info.plist; sourceTree = "<group>"; };
		A16DD47926EEF820005A3D89 /* myswiftTests.xctest */ = {isa = PBXFileReference; explicitFileType = wrapper.cfbundle; includeInIndex = 0; path = myswiftTests.xctest; sourceTree = BUILT_PRODUCTS_DIR; };
		A16DD47D26EEF820005A3D89 /* myswiftTests.swift */ = {isa = PBXFileReference; lastKnownFileType = sourcecode.swift; path = myswiftTests.swift; sourceTree = "<group>"; };
		A16DD47F26EEF820005A3D89 /* Info.plist */ = {isa = PBXFileReference; lastKnownFileType = text.plist.xml; path = Info.plist; sourceTree = "<group>"; };
		A16DD48426EEF820005A3D89 /* myswiftUITests.xctest */ = {isa = PBXFileReference; explicitFileType = wrapper.cfbundle; includeInIndex = 0; path = myswiftUITests.xctest; sourceTree = BUILT_PRODUCTS_DIR; };
		A16DD48826EEF821005A3D89 /* myswiftUITests.swift */ = {isa = PBXFileReference; lastKnownFileType = sourcecode.swift; path = myswiftUITests.swift; sourceTree = "<group>"; };
		A16DD48A26EEF821005A3D89 /* Info.plist */ = {isa = PBXFileReference; lastKnownFileType = text.plist.xml; path = Info.plist; sourceTree = "<group>"; };
		A16DD4D826EEF9BD005A3D89 /* tsetViewController.swift */ = {isa = PBXFileReference; lastKnownFileType = sourcecode.swift; path = tsetViewController.swift; sourceTree = "<group>"; };
		A16DD4DD26F0907B005A3D89 /* myswift-Bridging-Header.h */ = {isa = PBXFileReference; lastKnownFileType = sourcecode.c.h; path = "myswift-Bridging-Header.h"; sourceTree = "<group>"; };
		A16DD4DE26F0907B005A3D89 /* ocViewController.h */ = {isa = PBXFileReference; lastKnownFileType = sourcecode.c.h; path = ocViewController.h; sourceTree = "<group>"; };
		A16DD4DF26F0907B005A3D89 /* ocViewController.m */ = {isa = PBXFileReference; lastKnownFileType = sourcecode.c.objc; path = ocViewController.m; sourceTree = "<group>"; };
		A16DD52326F0A55A005A3D89 /* myTableViewController.swift */ = {isa = PBXFileReference; lastKnownFileType = sourcecode.swift; path = myTableViewController.swift; sourceTree = "<group>"; };
/* End PBXFileReference section */

/* Begin PBXFrameworksBuildPhase section */
		A16DD46026EEF81D005A3D89 /* Frameworks */ = {
			isa = PBXFrameworksBuildPhase;
			buildActionMask = 2147483647;
			files = (
			);
			runOnlyForDeploymentPostprocessing = 0;
		};
		A16DD47626EEF820005A3D89 /* Frameworks */ = {
			isa = PBXFrameworksBuildPhase;
			buildActionMask = 2147483647;
			files = (
			);
			runOnlyForDeploymentPostprocessing = 0;
		};
		A16DD48126EEF820005A3D89 /* Frameworks */ = {
			isa = PBXFrameworksBuildPhase;
			buildActionMask = 2147483647;
			files = (
			);
			runOnlyForDeploymentPostprocessing = 0;
		};
/* End PBXFrameworksBuildPhase section */

/* Begin PBXGroup section */
		A16DD45A26EEF81D005A3D89 = {
			isa = PBXGroup;
			children = (
				A16DD46526EEF81D005A3D89 /* myswift */,
				A16DD47C26EEF820005A3D89 /* myswiftTests */,
				A16DD48726EEF821005A3D89 /* myswiftUITests */,
				A16DD46426EEF81D005A3D89 /* Products */,
			);
			sourceTree = "<group>";
		};
		A16DD46426EEF81D005A3D89 /* Products */ = {
			isa = PBXGroup;
			children = (
				A16DD46326EEF81D005A3D89 /* myswift.app */,
				A16DD47926EEF820005A3D89 /* myswiftTests.xctest */,
				A16DD48426EEF820005A3D89 /* myswiftUITests.xctest */,
			);
			name = Products;
			sourceTree = "<group>";
		};
		A16DD46526EEF81D005A3D89 /* myswift */ = {
			isa = PBXGroup;
			children = (
				A16DD46626EEF81D005A3D89 /* AppDelegate.swift */,
				A16DD4D826EEF9BD005A3D89 /* tsetViewController.swift */,
				A16DD52326F0A55A005A3D89 /* myTableViewController.swift */,
				A16DD46826EEF81D005A3D89 /* SceneDelegate.swift */,
				A16DD46A26EEF81D005A3D89 /* ContentView.swift */,
				A16DD4DE26F0907B005A3D89 /* ocViewController.h */,
				A16DD4DF26F0907B005A3D89 /* ocViewController.m */,
				A16DD46C26EEF820005A3D89 /* Assets.xcassets */,
				A16DD47126EEF820005A3D89 /* LaunchScreen.storyboard */,
				A16DD47426EEF820005A3D89 /* Info.plist */,
				A16DD46E26EEF820005A3D89 /* Preview Content */,
				A16DD4DD26F0907B005A3D89 /* myswift-Bridging-Header.h */,
			);
			path = myswift;
			sourceTree = "<group>";
		};
		A16DD46E26EEF820005A3D89 /* Preview Content */ = {
			isa = PBXGroup;
			children = (
				A16DD46F26EEF820005A3D89 /* Preview Assets.xcassets */,
			);
			path = "Preview Content";
			sourceTree = "<group>";
		};
		A16DD47C26EEF820005A3D89 /* myswiftTests */ = {
			isa = PBXGroup;
			children = (
				A16DD47D26EEF820005A3D89 /* myswiftTests.swift */,
				A16DD47F26EEF820005A3D89 /* Info.plist */,
			);
			path = myswiftTests;
			sourceTree = "<group>";
		};
		A16DD48726EEF821005A3D89 /* myswiftUITests */ = {
			isa = PBXGroup;
			children = (
				A16DD48826EEF821005A3D89 /* myswiftUITests.swift */,
				A16DD48A26EEF821005A3D89 /* Info.plist */,
			);
			path = myswiftUITests;
			sourceTree = "<group>";
		};
/* End PBXGroup section */

/* Begin PBXNativeTarget section */
		A16DD46226EEF81D005A3D89 /* myswift */ = {
			isa = PBXNativeTarget;
			buildConfigurationList = A16DD48D26EEF821005A3D89 /* Build configuration list for PBXNativeTarget "myswift" */;
			buildPhases = (
				A16DD45F26EEF81D005A3D89 /* Sources */,
				A16DD46026EEF81D005A3D89 /* Frameworks */,
				A16DD46126EEF81D005A3D89 /* Resources */,
			);
			buildRules = (
			);
			dependencies = (
			);
			name = myswift;
			productName = myswift;
			productReference = A16DD46326EEF81D005A3D89 /* myswift.app */;
			productType = "com.apple.product-type.application";
		};
		A16DD47826EEF820005A3D89 /* myswiftTests */ = {
			isa = PBXNativeTarget;
			buildConfigurationList = A16DD49026EEF821005A3D89 /* Build configuration list for PBXNativeTarget "myswiftTests" */;
			buildPhases = (
				A16DD47526EEF820005A3D89 /* Sources */,
				A16DD47626EEF820005A3D89 /* Frameworks */,
				A16DD47726EEF820005A3D89 /* Resources */,
			);
			buildRules = (
			);
			dependencies = (
				A16DD47B26EEF820005A3D89 /* PBXTargetDependency */,
			);
			name = myswiftTests;
			productName = myswiftTests;
			productReference = A16DD47926EEF820005A3D89 /* myswiftTests.xctest */;
			productType = "com.apple.product-type.bundle.unit-test";
		};
		A16DD48326EEF820005A3D89 /* myswiftUITests */ = {
			isa = PBXNativeTarget;
			buildConfigurationList = A16DD49326EEF821005A3D89 /* Build configuration list for PBXNativeTarget "myswiftUITests" */;
			buildPhases = (
				A16DD48026EEF820005A3D89 /* Sources */,
				A16DD48126EEF820005A3D89 /* Frameworks */,
				A16DD48226EEF820005A3D89 /* Resources */,
			);
			buildRules = (
			);
			dependencies = (
				A16DD48626EEF820005A3D89 /* PBXTargetDependency */,
			);
			name = myswiftUITests;
			productName = myswiftUITests;
			productReference = A16DD48426EEF820005A3D89 /* myswiftUITests.xctest */;
			productType = "com.apple.product-type.bundle.ui-testing";
		};
/* End PBXNativeTarget section */

/* Begin PBXProject section */
		A16DD45B26EEF81D005A3D89 /* Project object */ = {
			isa = PBXProject;
			attributes = {
				LastSwiftUpdateCheck = 1240;
				LastUpgradeCheck = 1240;
				TargetAttributes = {
					A16DD46226EEF81D005A3D89 = {
						CreatedOnToolsVersion = 12.4;
						LastSwiftMigration = 1240;
					};
					A16DD47826EEF820005A3D89 = {
						CreatedOnToolsVersion = 12.4;
						TestTargetID = A16DD46226EEF81D005A3D89;
					};
					A16DD48326EEF820005A3D89 = {
						CreatedOnToolsVersion = 12.4;
						TestTargetID = A16DD46226EEF81D005A3D89;
					};
				};
			};
			buildConfigurationList = A16DD45E26EEF81D005A3D89 /* Build configuration list for PBXProject "myswift" */;
			compatibilityVersion = "Xcode 9.3";
			developmentRegion = en;
			hasScannedForEncodings = 0;
			knownRegions = (
				en,
				Base,
			);
			mainGroup = A16DD45A26EEF81D005A3D89;
			productRefGroup = A16DD46426EEF81D005A3D89 /* Products */;
			projectDirPath = "";
			projectRoot = "";
			targets = (
				A16DD46226EEF81D005A3D89 /* myswift */,
				A16DD47826EEF820005A3D89 /* myswiftTests */,
				A16DD48326EEF820005A3D89 /* myswiftUITests */,
			);
		};
/* End PBXProject section */

/* Begin PBXResourcesBuildPhase section */
		A16DD46126EEF81D005A3D89 /* Resources */ = {
			isa = PBXResourcesBuildPhase;
			buildActionMask = 2147483647;
			files = (
				A16DD47326EEF820005A3D89 /* LaunchScreen.storyboard in Resources */,
				A16DD47026EEF820005A3D89 /* Preview Assets.xcassets in Resources */,
				A16DD46D26EEF820005A3D89 /* Assets.xcassets in Resources */,
			);
			runOnlyForDeploymentPostprocessing = 0;
		};
		A16DD47726EEF820005A3D89 /* Resources */ = {
			isa = PBXResourcesBuildPhase;
			buildActionMask = 2147483647;
			files = (
			);
			runOnlyForDeploymentPostprocessing = 0;
		};
		A16DD48226EEF820005A3D89 /* Resources */ = {
			isa = PBXResourcesBuildPhase;
			buildActionMask = 2147483647;
			files = (
			);
			runOnlyForDeploymentPostprocessing = 0;
		};
/* End PBXResourcesBuildPhase section */

/* Begin PBXSourcesBuildPhase section */
		A16DD45F26EEF81D005A3D89 /* Sources */ = {
			isa = PBXSourcesBuildPhase;
			buildActionMask = 2147483647;
			files = (
				A16DD4E026F0907B005A3D89 /* ocViewController.m in Sources */,
				A16DD52426F0A55A005A3D89 /* myTableViewController.swift in Sources */,
				A16DD46726EEF81D005A3D89 /* AppDelegate.swift in Sources */,
				A16DD46926EEF81D005A3D89 /* SceneDelegate.swift in Sources */,
				A16DD4D926EEF9BD005A3D89 /* tsetViewController.swift in Sources */,
				A16DD46B26EEF81D005A3D89 /* ContentView.swift in Sources */,
			);
			runOnlyForDeploymentPostprocessing = 0;
		};
		A16DD47526EEF820005A3D89 /* Sources */ = {
			isa = PBXSourcesBuildPhase;
			buildActionMask = 2147483647;
			files = (
				A16DD47E26EEF820005A3D89 /* myswiftTests.swift in Sources */,
			);
			runOnlyForDeploymentPostprocessing = 0;
		};
		A16DD48026EEF820005A3D89 /* Sources */ = {
			isa = PBXSourcesBuildPhase;
			buildActionMask = 2147483647;
			files = (
				A16DD48926EEF821005A3D89 /* myswiftUITests.swift in Sources */,
			);
			runOnlyForDeploymentPostprocessing = 0;
		};
/* End PBXSourcesBuildPhase section */

/* Begin PBXTargetDependency section */
		A16DD47B26EEF820005A3D89 /* PBXTargetDependency */ = {
			isa = PBXTargetDependency;
			target = A16DD46226EEF81D005A3D89 /* myswift */;
			targetProxy = A16DD47A26EEF820005A3D89 /* PBXContainerItemProxy */;
		};
		A16DD48626EEF820005A3D89 /* PBXTargetDependency */ = {
			isa = PBXTargetDependency;
			target = A16DD46226EEF81D005A3D89 /* myswift */;
			targetProxy = A16DD48526EEF820005A3D89 /* PBXContainerItemProxy */;
		};
/* End PBXTargetDependency section */

/* Begin PBXVariantGroup section */
		A16DD47126EEF820005A3D89 /* LaunchScreen.storyboard */ = {
			isa = PBXVariantGroup;
			children = (
				A16DD47226EEF820005A3D89 /* Base */,
			);
			name = LaunchScreen.storyboard;
			sourceTree = "<group>";
		};
/* End PBXVariantGroup section */

/* Begin XCBuildConfiguration section */
		A16DD48B26EEF821005A3D89 /* Debug */ = {
			isa = XCBuildConfiguration;
			buildSettings = {
				ALWAYS_SEARCH_USER_PATHS = NO;
				CLANG_ANALYZER_NONNULL = YES;
				CLANG_ANALYZER_NUMBER_OBJECT_CONVERSION = YES_AGGRESSIVE;
				CLANG_CXX_LANGUAGE_STANDARD = "gnu++14";
				CLANG_CXX_LIBRARY = "libc++";
				CLANG_ENABLE_MODULES = YES;
				CLANG_ENABLE_OBJC_ARC = YES;
				CLANG_ENABLE_OBJC_WEAK = YES;
				CLANG_WARN_BLOCK_CAPTURE_AUTORELEASING = YES;
				CLANG_WARN_BOOL_CONVERSION = YES;
				CLANG_WARN_COMMA = YES;
				CLANG_WARN_CONSTANT_CONVERSION = YES;
				CLANG_WARN_DEPRECATED_OBJC_IMPLEMENTATIONS = YES;
				CLANG_WARN_DIRECT_OBJC_ISA_USAGE = YES_ERROR;
				CLANG_WARN_DOCUMENTATION_COMMENTS = YES;
				CLANG_WARN_EMPTY_BODY = YES;
				CLANG_WARN_ENUM_CONVERSION = YES;
				CLANG_WARN_INFINITE_RECURSION = YES;
				CLANG_WARN_INT_CONVERSION = YES;
				CLANG_WARN_NON_LITERAL_NULL_CONVERSION = YES;
				CLANG_WARN_OBJC_IMPLICIT_RETAIN_SELF = YES;
				CLANG_WARN_OBJC_LITERAL_CONVERSION = YES;
				CLANG_WARN_OBJC_ROOT_CLASS = YES_ERROR;
				CLANG_WARN_QUOTED_INCLUDE_IN_FRAMEWORK_HEADER = YES;
				CLANG_WARN_RANGE_LOOP_ANALYSIS = YES;
				CLANG_WARN_STRICT_PROTOTYPES = YES;
				CLANG_WARN_SUSPICIOUS_MOVE = YES;
				CLANG_WARN_UNGUARDED_AVAILABILITY = YES_AGGRESSIVE;
				CLANG_WARN_UNREACHABLE_CODE = YES;
				CLANG_WARN__DUPLICATE_METHOD_MATCH = YES;
				COPY_PHASE_STRIP = NO;
				DEBUG_INFORMATION_FORMAT = dwarf;
				ENABLE_STRICT_OBJC_MSGSEND = YES;
				ENABLE_TESTABILITY = YES;
				GCC_C_LANGUAGE_STANDARD = gnu11;
				GCC_DYNAMIC_NO_PIC = NO;
				GCC_NO_COMMON_BLOCKS = YES;
				GCC_OPTIMIZATION_LEVEL = 0;
				GCC_PREPROCESSOR_DEFINITIONS = (
					"DEBUG=1",
					"$(inherited)",
				);
				GCC_WARN_64_TO_32_BIT_CONVERSION = YES;
				GCC_WARN_ABOUT_RETURN_TYPE = YES_ERROR;
				GCC_WARN_UNDECLARED_SELECTOR = YES;
				GCC_WARN_UNINITIALIZED_AUTOS = YES_AGGRESSIVE;
				GCC_WARN_UNUSED_FUNCTION = YES;
				GCC_WARN_UNUSED_VARIABLE = YES;
				IPHONEOS_DEPLOYMENT_TARGET = 14.4;
				MTL_ENABLE_DEBUG_INFO = INCLUDE_SOURCE;
				MTL_FAST_MATH = YES;
				ONLY_ACTIVE_ARCH = YES;
				SDKROOT = iphoneos;
				SWIFT_ACTIVE_COMPILATION_CONDITIONS = DEBUG;
				SWIFT_OPTIMIZATION_LEVEL = "-Onone";
			};
			name = Debug;
		};
		A16DD48C26EEF821005A3D89 /* Release */ = {
			isa = XCBuildConfiguration;
			buildSettings = {
				ALWAYS_SEARCH_USER_PATHS = NO;
				CLANG_ANALYZER_NONNULL = YES;
				CLANG_ANALYZER_NUMBER_OBJECT_CONVERSION = YES_AGGRESSIVE;
				CLANG_CXX_LANGUAGE_STANDARD = "gnu++14";
				CLANG_CXX_LIBRARY = "libc++";
				CLANG_ENABLE_MODULES = YES;
				CLANG_ENABLE_OBJC_ARC = YES;
				CLANG_ENABLE_OBJC_WEAK = YES;
				CLANG_WARN_BLOCK_CAPTURE_AUTORELEASING = YES;
				CLANG_WARN_BOOL_CONVERSION = YES;
				CLANG_WARN_COMMA = YES;
				CLANG_WARN_CONSTANT_CONVERSION = YES;
				CLANG_WARN_DEPRECATED_OBJC_IMPLEMENTATIONS = YES;
				CLANG_WARN_DIRECT_OBJC_ISA_USAGE = YES_ERROR;
				CLANG_WARN_DOCUMENTATION_COMMENTS = YES;
				CLANG_WARN_EMPTY_BODY = YES;
				CLANG_WARN_ENUM_CONVERSION = YES;
				CLANG_WARN_INFINITE_RECURSION = YES;
				CLANG_WARN_INT_CONVERSION = YES;
				CLANG_WARN_NON_LITERAL_NULL_CONVERSION = YES;
				CLANG_WARN_OBJC_IMPLICIT_RETAIN_SELF = YES;
				CLANG_WARN_OBJC_LITERAL_CONVERSION = YES;
				CLANG_WARN_OBJC_ROOT_CLASS = YES_ERROR;
				CLANG_WARN_QUOTED_INCLUDE_IN_FRAMEWORK_HEADER = YES;
				CLANG_WARN_RANGE_LOOP_ANALYSIS = YES;
				CLANG_WARN_STRICT_PROTOTYPES = YES;
				CLANG_WARN_SUSPICIOUS_MOVE = YES;
				CLANG_WARN_UNGUARDED_AVAILABILITY = YES_AGGRESSIVE;
				CLANG_WARN_UNREACHABLE_CODE = YES;
				CLANG_WARN__DUPLICATE_METHOD_MATCH = YES;
				COPY_PHASE_STRIP = NO;
				DEBUG_INFORMATION_FORMAT = "dwarf-with-dsym";
				ENABLE_NS_ASSERTIONS = NO;
				ENABLE_STRICT_OBJC_MSGSEND = YES;
				GCC_C_LANGUAGE_STANDARD = gnu11;
				GCC_NO_COMMON_BLOCKS = YES;
				GCC_WARN_64_TO_32_BIT_CONVERSION = YES;
				GCC_WARN_ABOUT_RETURN_TYPE = YES_ERROR;
				GCC_WARN_UNDECLARED_SELECTOR = YES;
				GCC_WARN_UNINITIALIZED_AUTOS = YES_AGGRESSIVE;
				GCC_WARN_UNUSED_FUNCTION = YES;
				GCC_WARN_UNUSED_VARIABLE = YES;
				IPHONEOS_DEPLOYMENT_TARGET = 14.4;
				MTL_ENABLE_DEBUG_INFO = NO;
				MTL_FAST_MATH = YES;
				SDKROOT = iphoneos;
				SWIFT_COMPILATION_MODE = wholemodule;
				SWIFT_OPTIMIZATION_LEVEL = "-O";
				VALIDATE_PRODUCT = YES;
			};
			name = Release;
		};
		A16DD48E26EEF821005A3D89 /* Debug */ = {
			isa = XCBuildConfiguration;
			buildSettings = {
				ASSETCATALOG_COMPILER_APPICON_NAME = AppIcon;
				ASSETCATALOG_COMPILER_GLOBAL_ACCENT_COLOR_NAME = AccentColor;
				CLANG_ENABLE_MODULES = YES;
				CODE_SIGN_STYLE = Automatic;
				DEVELOPMENT_ASSET_PATHS = "\"myswift/Preview Content\"";
				DEVELOPMENT_TEAM = 4575TP6Y8Y;
				ENABLE_PREVIEWS = YES;
				INFOPLIST_FILE = myswift/Info.plist;
				LD_RUNPATH_SEARCH_PATHS = (
					"$(inherited)",
					"@executable_path/Frameworks",
				);
				PRODUCT_BUNDLE_IDENTIFIER = kadis.myswift;
				PRODUCT_NAME = "$(TARGET_NAME)";
				SWIFT_OBJC_BRIDGING_HEADER = "myswift/myswift-Bridging-Header.h";
				SWIFT_OPTIMIZATION_LEVEL = "-Onone";
				SWIFT_VERSION = 5.0;
				TARGETED_DEVICE_FAMILY = "1,2";
			};
			name = Debug;
		};
		A16DD48F26EEF821005A3D89 /* Release */ = {
			isa = XCBuildConfiguration;
			buildSettings = {
				ASSETCATALOG_COMPILER_APPICON_NAME = AppIcon;
				ASSETCATALOG_COMPILER_GLOBAL_ACCENT_COLOR_NAME = AccentColor;
				CLANG_ENABLE_MODULES = YES;
				CODE_SIGN_STYLE = Automatic;
				DEVELOPMENT_ASSET_PATHS = "\"myswift/Preview Content\"";
				DEVELOPMENT_TEAM = 4575TP6Y8Y;
				ENABLE_PREVIEWS = YES;
				INFOPLIST_FILE = myswift/Info.plist;
				LD_RUNPATH_SEARCH_PATHS = (
					"$(inherited)",
					"@executable_path/Frameworks",
				);
				PRODUCT_BUNDLE_IDENTIFIER = kadis.myswift;
				PRODUCT_NAME = "$(TARGET_NAME)";
				SWIFT_OBJC_BRIDGING_HEADER = "myswift/myswift-Bridging-Header.h";
				SWIFT_VERSION = 5.0;
				TARGETED_DEVICE_FAMILY = "1,2";
			};
			name = Release;
		};
		A16DD49126EEF821005A3D89 /* Debug */ = {
			isa = XCBuildConfiguration;
			buildSettings = {
				ALWAYS_EMBED_SWIFT_STANDARD_LIBRARIES = YES;
				BUNDLE_LOADER = "$(TEST_HOST)";
				CODE_SIGN_STYLE = Automatic;
				DEVELOPMENT_TEAM = 4575TP6Y8Y;
				INFOPLIST_FILE = myswiftTests/Info.plist;
				IPHONEOS_DEPLOYMENT_TARGET = 14.4;
				LD_RUNPATH_SEARCH_PATHS = (
					"$(inherited)",
					"@executable_path/Frameworks",
					"@loader_path/Frameworks",
				);
				PRODUCT_BUNDLE_IDENTIFIER = kadis.myswiftTests;
				PRODUCT_NAME = "$(TARGET_NAME)";
				SWIFT_VERSION = 5.0;
				TARGETED_DEVICE_FAMILY = "1,2";
				TEST_HOST = "$(BUILT_PRODUCTS_DIR)/myswift.app/myswift";
			};
			name = Debug;
		};
		A16DD49226EEF821005A3D89 /* Release */ = {
			isa = XCBuildConfiguration;
			buildSettings = {
				ALWAYS_EMBED_SWIFT_STANDARD_LIBRARIES = YES;
				BUNDLE_LOADER = "$(TEST_HOST)";
				CODE_SIGN_STYLE = Automatic;
				DEVELOPMENT_TEAM = 4575TP6Y8Y;
				INFOPLIST_FILE = myswiftTests/Info.plist;
				IPHONEOS_DEPLOYMENT_TARGET = 14.4;
				LD_RUNPATH_SEARCH_PATHS = (
					"$(inherited)",
					"@executable_path/Frameworks",
					"@loader_path/Frameworks",
				);
				PRODUCT_BUNDLE_IDENTIFIER = kadis.myswiftTests;
				PRODUCT_NAME = "$(TARGET_NAME)";
				SWIFT_VERSION = 5.0;
				TARGETED_DEVICE_FAMILY = "1,2";
				TEST_HOST = "$(BUILT_PRODUCTS_DIR)/myswift.app/myswift";
			};
			name = Release;
		};
		A16DD49426EEF821005A3D89 /* Debug */ = {
			isa = XCBuildConfiguration;
			buildSettings = {
				ALWAYS_EMBED_SWIFT_STANDARD_LIBRARIES = YES;
				CODE_SIGN_STYLE = Automatic;
				DEVELOPMENT_TEAM = 4575TP6Y8Y;
				INFOPLIST_FILE = myswiftUITests/Info.plist;
				LD_RUNPATH_SEARCH_PATHS = (
					"$(inherited)",
					"@executable_path/Frameworks",
					"@loader_path/Frameworks",
				);
				PRODUCT_BUNDLE_IDENTIFIER = kadis.myswiftUITests;
				PRODUCT_NAME = "$(TARGET_NAME)";
				SWIFT_VERSION = 5.0;
				TARGETED_DEVICE_FAMILY = "1,2";
				TEST_TARGET_NAME = myswift;
			};
			name = Debug;
		};
		A16DD49526EEF821005A3D89 /* Release */ = {
			isa = XCBuildConfiguration;
			buildSettings = {
				ALWAYS_EMBED_SWIFT_STANDARD_LIBRARIES = YES;
				CODE_SIGN_STYLE = Automatic;
				DEVELOPMENT_TEAM = 4575TP6Y8Y;
				INFOPLIST_FILE = myswiftUITests/Info.plist;
				LD_RUNPATH_SEARCH_PATHS = (
					"$(inherited)",
					"@executable_path/Frameworks",
					"@loader_path/Frameworks",
				);
				PRODUCT_BUNDLE_IDENTIFIER = kadis.myswiftUITests;
				PRODUCT_NAME = "$(TARGET_NAME)";
				SWIFT_VERSION = 5.0;
				TARGETED_DEVICE_FAMILY = "1,2";
				TEST_TARGET_NAME = myswift;
			};
			name = Release;
		};
/* End XCBuildConfiguration section */

/* Begin XCConfigurationList section */
		A16DD45E26EEF81D005A3D89 /* Build configuration list for PBXProject "myswift" */ = {
			isa = XCConfigurationList;
			buildConfigurations = (
				A16DD48B26EEF821005A3D89 /* Debug */,
				A16DD48C26EEF821005A3D89 /* Release */,
			);
			defaultConfigurationIsVisible = 0;
			defaultConfigurationName = Release;
		};
		A16DD48D26EEF821005A3D89 /* Build configuration list for PBXNativeTarget "myswift" */ = {
			isa = XCConfigurationList;
			buildConfigurations = (
				A16DD48E26EEF821005A3D89 /* Debug */,
				A16DD48F26EEF821005A3D89 /* Release */,
			);
			defaultConfigurationIsVisible = 0;
			defaultConfigurationName = Release;
		};
		A16DD49026EEF821005A3D89 /* Build configuration list for PBXNativeTarget "myswiftTests" */ = {
			isa = XCConfigurationList;
			buildConfigurations = (
				A16DD49126EEF821005A3D89 /* Debug */,
				A16DD49226EEF821005A3D89 /* Release */,
			);
			defaultConfigurationIsVisible = 0;
			defaultConfigurationName = Release;
		};
		A16DD49326EEF821005A3D89 /* Build configuration list for PBXNativeTarget "myswiftUITests" */ = {
			isa = XCConfigurationList;
			buildConfigurations = (
				A16DD49426EEF821005A3D89 /* Debug */,
				A16DD49526EEF821005A3D89 /* Release */,
			);
			defaultConfigurationIsVisible = 0;
			defaultConfigurationName = Release;
		};
/* End XCConfigurationList section */
	};
	rootObject = A16DD45B26EEF81D005A3D89 /* Project object */;
}
